
Microsoft Visual Studio Solution File, Format Version 12.00
# Visual Studio Version 17
VisualStudioVersion = 17.1.32328.378
MinimumVisualStudioVersion = 10.0.40219.1
Project("{FAE04EC0-301F-11D3-BF4B-00C04F79EFBC}") = "BLL", "BLL\BLL.csproj", "{EC56EA63-5C13-4A9C-A48C-68403BFDBB55}"
EndProject
Project("{FAE04EC0-301F-11D3-BF4B-00C04F79EFBC}") = "DAL", "DAL\DAL.csproj", "{92E74E51-C732-4F9D-A041-B1EA3CE4FCFE}"
EndProject
Project("{FAE04EC0-301F-11D3-BF4B-00C04F79EFBC}") = "WebApp", "WebApp\WebApp.csproj", "{72335300-20A4-42DF-9BE0-1FC8A7D5E1CA}"
EndProject
Global
	GlobalSection(SolutionConfigurationPlatforms) = preSolution
		Debug|Any CPU = Debug|Any CPU
		Release|Any CPU = Release|Any CPU
	EndGlobalSection
	GlobalSection(ProjectConfigurationPlatforms) = postSolution
		{EC56EA63-5C13-4A9C-A48C-68403BFDBB55}.Debug|Any CPU.ActiveCfg = Debug|Any CPU
		{EC56EA63-5C13-4A9C-A48C-68403BFDBB55}.Debug|Any CPU.Build.0 = Debug|Any CPU
		{EC56EA63-5C13-4A9C-A48C-68403BFDBB55}.Release|Any CPU.ActiveCfg = Release|Any CPU
		{EC56EA63-5C13-4A9C-A48C-68403BFDBB55}.Release|Any CPU.Build.0 = Release|Any CPU
		{92E74E51-C732-4F9D-A041-B1EA3CE4FCFE}.Debug|Any CPU.ActiveCfg = Debug|Any CPU
		{92E74E51-C732-4F9D-A041-B1EA3CE4FCFE}.Debug|Any CPU.Build.0 = Debug|Any CPU
		{92E74E51-C732-4F9D-A041-B1EA3CE4FCFE}.Release|Any CPU.ActiveCfg = Release|Any CPU
		{92E74E51-C732-4F9D-A041-B1EA3CE4FCFE}.Release|Any CPU.Build.0 = Release|Any CPU
		{72335300-20A4-42DF-9BE0-1FC8A7D5E1CA}.Debug|Any CPU.ActiveCfg = Debug|Any CPU
		{72335300-20A4-42DF-9BE0-1FC8A7D5E1CA}.Debug|Any CPU.Build.0 = Debug|Any CPU
		{72335300-20A4-42DF-9BE0-1FC8A7D5E1CA}.Release|Any CPU.ActiveCfg = Release|Any CPU
		{72335300-20A4-42DF-9BE0-1FC8A7D5E1CA}.Release|Any CPU.Build.0 = Release|Any CPU
	EndGlobalSection
	GlobalSection(SolutionProperties) = preSolution
		HideSolutionNode = FALSE
	EndGlobalSection
	GlobalSection(ExtensibilityGlobals) = postSolution
		SolutionGuid = {EA0259E7-0CA9-4852-8EAF-25319A6FAD7E}
	EndGlobalSection
EndGlobal
